
Microsoft Visual Studio Solution File, Format Version 12.00
# Visual Studio Version 17
VisualStudioVersion = 17.2.32630.192
MinimumVisualStudioVersion = 10.0.40219.1
Project("{8BC9CEB8-8B4A-11D0-8D11-00A0C91BC942}") = "NetoClass2", "NetoClass2\NetoClass2.vcxproj", "{1BB24FA2-1761-4B2C-8FC8-F241453752BB}"
EndProject
Global
	GlobalSection(SolutionConfigurationPlatforms) = preSolution
		Debug|x64 = Debug|x64
		Debug|x86 = Debug|x86
		Release|x64 = Release|x64
		Release|x86 = Release|x86
	EndGlobalSection
	GlobalSection(ProjectConfigurationPlatforms) = postSolution
		{1BB24FA2-1761-4B2C-8FC8-F241453752BB}.Debug|x64.ActiveCfg = Debug|x64
		{1BB24FA2-1761-4B2C-8FC8-F241453752BB}.Debug|x64.Build.0 = Debug|x64
		{1BB24FA2-1761-4B2C-8FC8-F241453752BB}.Debug|x86.ActiveCfg = Debug|Win32
		{1BB24FA2-1761-4B2C-8FC8-F241453752BB}.Debug|x86.Build.0 = Debug|Win32
		{1BB24FA2-1761-4B2C-8FC8-F241453752BB}.Release|x64.ActiveCfg = Release|x64
		{1BB24FA2-1761-4B2C-8FC8-F241453752BB}.Release|x64.Build.0 = Release|x64
		{1BB24FA2-1761-4B2C-8FC8-F241453752BB}.Release|x86.ActiveCfg = Release|Win32
		{1BB24FA2-1761-4B2C-8FC8-F241453752BB}.Release|x86.Build.0 = Release|Win32
	EndGlobalSection
	GlobalSection(SolutionProperties) = preSolution
		HideSolutionNode = FALSE
	EndGlobalSection
	GlobalSection(ExtensibilityGlobals) = postSolution
		SolutionGuid = {2D29649B-3087-40D5-A83E-5D02E53A3BBB}
	EndGlobalSection
EndGlobal
